lockfileVersion: 5.4

specifiers:
  '@types/node': ^18.11.13
  '@types/react': ^18.0.26
  next: canary
  react: ^18.2.0
  react-dom: ^18.2.0
  typescript: ^4.9.4

dependencies:
  next: 13.1.7-canary.15_biqbaboplfbrettd7655fr4n2y
  react: 18.2.0
  react-dom: 18.2.0_react@18.2.0

devDependencies:
  '@types/node': 18.13.0
  '@types/react': 18.0.28
  typescript: 4.9.5

packages:

  /@next/env/13.1.7-canary.15:
    resolution: {integrity: sha512-LoZMSEGgm/Cb5I36qtnna/IX908AZPNzRCh7unwHWSvyn8EiO+HzW2w6DKzTI8ne5EASMtt1z4VfWTtE/nVLhg==}
    dev: false

  /@next/swc-android-arm-eabi/13.1.7-canary.15:
    resolution: {integrity: sha512-LeLp9vm+DtryRwEdH4B7HR0yntV7dJTyjAZ2VKQDlJHEmIxeomeQw9tyscpKD1nuUP8VCBCXZ0o540VOtk6khw==}
    engines: {node: '>= 10'}
    cpu: [arm]
    os: [android]
    requiresBuild: true
    dev: false
    optional: true

  /@next/swc-android-arm64/13.1.7-canary.15:
    resolution: {integrity: sha512-DcK1czYr2xyGge+5lPFBi5i0D1ejitLA8Cl2Sc/Vx7QRNHAcfT1b6R0o9hdPBSuxcWalHzL19PvLV/3FlyQzGg==}
    engines: {node: '>= 10'}
    cpu: [arm64]
    os: [android]
    requiresBuild: true
    dev: false
    optional: true

  /@next/swc-darwin-arm64/13.1.7-canary.15:
    resolution: {integrity: sha512-zHwrJGHtpw22s6qrQzUTYLMvIgknog66a8jNCC0+iSI8Xejgmq+900yJ3c8xrzR29uEZqXkjcVDcGzBtqGdPqw==}
    engines: {node: '>= 10'}
    cpu: [arm64]
    os: [darwin]
    requiresBuild: true
    dev: false
    optional: true

  /@next/swc-darwin-x64/13.1.7-canary.15:
    resolution: {integrity: sha512-aF6BW1b1Sny+oIw9LuBdXdzimhZODmhm8uz9xgMMiJlvF4w+Q0UptkNnGmbZe4peameRKKqzT/FnGxIFXhmswA==}
    engines: {node: '>= 10'}
    cpu: [x64]
    os: [darwin]
    requiresBuild: true
    dev: false
    optional: true

  /@next/swc-freebsd-x64/13.1.7-canary.15:
    resolution: {integrity: sha512-kq82F4A7TBGMDRT5nGxaiuaWpqeovMG+NizVZwB17FSr81qb2bwq8nF0Iy8Aw9feFWAvPHictvRTgeaU0ycxTA==}
    engines: {node: '>= 10'}
    cpu: [x64]
    os: [freebsd]
    requiresBuild: true
    dev: false
    optional: true

  /@next/swc-linux-arm-gnueabihf/13.1.7-canary.15:
    resolution: {integrity: sha512-XHg8TjviTtByOplkflnGF2vfTNiShvc7g+FzRXfkljCWvZ3tjoz2dPH+TKsL07XQaTB/mG50+t7t6qi53pyJiw==}
    engines: {node: '>= 10'}
    cpu: [arm]
    os: [linux]
    requiresBuild: true
    dev: false
    optional: true

  /@next/swc-linux-arm64-gnu/13.1.7-canary.15:
    resolution: {integrity: sha512-mU+3d4FflsqpMoboC4JD0uEBsRWM/OX2x3tyQ28JljiCuiPqmF9cmPjr9rlWNzxBZd2ACuR970PUixI99b07qA==}
    engines: {node: '>= 10'}
    cpu: [arm64]
    os: [linux]
    requiresBuild: true
    dev: false
    optional: true

  /@next/swc-linux-arm64-musl/13.1.7-canary.15:
    resolution: {integrity: sha512-xR2UFMaXCtIOZcnRBjDje9Q/KH9k93Lwjzlh66clPnK1Npc1gNA4qeXQu4blQLxhrP0PSNUj5A91P/zCyyrTmw==}
    engines: {node: '>= 10'}
    cpu: [arm64]
    os: [linux]
    requiresBuild: true
    dev: false
    optional: true

  /@next/swc-linux-x64-gnu/13.1.7-canary.15:
    resolution: {integrity: sha512-8B6Q7CtNnuP6U6I82nEZ+izsFarrLeYKl42i+fH0YcP+ouMZK3Zyo/qYSIaZ/R0kvYTKIRFpnRtsSH/g4zqj9Q==}
    engines: {node: '>= 10'}
    cpu: [x64]
    os: [linux]
    requiresBuild: true
    dev: false
    optional: true

  /@next/swc-linux-x64-musl/13.1.7-canary.15:
    resolution: {integrity: sha512-jc9Lq3RubBwiOuz8WBu9PrZE2UtjM9mIKMxlklZtagm8I1q0/WFswiWrCo5IfzbvM2XTsnLk5UygKRxrYSNkKw==}
    engines: {node: '>= 10'}
    cpu: [x64]
    os: [linux]
    requiresBuild: true
    dev: false
    optional: true

  /@next/swc-win32-arm64-msvc/13.1.7-canary.15:
    resolution: {integrity: sha512-dTGavwBf58RmfjT0Bhkxy+p2tz/A4bKP1ySNlvdrSJEXa6ey4D6/LHTMA856pFoxyfZOBc9lJ7v0gv0kf+BQFQ==}
    engines: {node: '>= 10'}
    cpu: [arm64]
    os: [win32]
    requiresBuild: true
    dev: false
    optional: true

  /@next/swc-win32-ia32-msvc/13.1.7-canary.15:
    resolution: {integrity: sha512-vAjWph1GSpMfxp5GraKKA9rqs1kIGUkn1PL54Yy8/t9X+x8nbCqc7E9uZPvGkWGCh6hGBQJ0lKTIzGnxW7QMhA==}
    engines: {node: '>= 10'}
    cpu: [ia32]
    os: [win32]
    requiresBuild: true
    dev: false
    optional: true

  /@next/swc-win32-x64-msvc/13.1.7-canary.15:
    resolution: {integrity: sha512-oFuTy4PyFav5n1cejXCHlm7J5aYz9z4CguBJc6Mp5HLetfxqGGZCQb43z+r+UDonfr49HH2n75dt06nmWNPnQQ==}
    engines: {node: '>= 10'}
    cpu: [x64]
    os: [win32]
    requiresBuild: true
    dev: false
    optional: true

  /@swc/helpers/0.4.14:
    resolution: {integrity: sha512-4C7nX/dvpzB7za4Ql9K81xK3HPxCpHMgwTZVyf+9JQ6VUbn9jjZVN7/Nkdz/Ugzs2CSjqnL/UPXroiVBVHUWUw==}
    dependencies:
      tslib: 2.5.0
    dev: false

  /@types/node/18.13.0:
    resolution: {integrity: sha512-gC3TazRzGoOnoKAhUx+Q0t8S9Tzs74z7m0ipwGpSqQrleP14hKxP4/JUeEQcD3W1/aIpnWl8pHowI7WokuZpXg==}
    dev: true

  /@types/prop-types/15.7.5:
    resolution: {integrity: sha512-JCB8C6SnDoQf0cNycqd/35A7MjcnK+ZTqE7judS6o7utxUCg6imJg3QK2qzHKszlTjcj2cn+NwMB2i96ubpj7w==}
    dev: true

  /@types/react/18.0.28:
    resolution: {integrity: sha512-RD0ivG1kEztNBdoAK7lekI9M+azSnitIn85h4iOiaLjaTrMjzslhaqCGaI4IyCJ1RljWiLCEu4jyrLLgqxBTew==}
    dependencies:
      '@types/prop-types': 15.7.5
      '@types/scheduler': 0.16.2
      csstype: 3.1.1
    dev: true

  /@types/scheduler/0.16.2:
    resolution: {integrity: sha512-hppQEBDmlwhFAXKJX2KnWLYu5yMfi91yazPb2l+lbJiwW+wdo1gNeRA+3RgNSO39WYX2euey41KEwnqesU2Jew==}
    dev: true

  /caniuse-lite/1.0.30001452:
    resolution: {integrity: sha512-Lkp0vFjMkBB3GTpLR8zk4NwW5EdRdnitwYJHDOOKIU85x4ckYCPQ+9WlVvSVClHxVReefkUMtWZH2l9KGlD51w==}
    dev: false

  /client-only/0.0.1:
    resolution: {integrity: sha512-IV3Ou0jSMzZrd3pZ48nLkT9DA7Ag1pnPzaiQhpW7c3RbcqqzvzzVu+L8gfqMp/8IM2MQtSiqaCxrrcfu8I8rMA==}
    dev: false

  /csstype/3.1.1:
    resolution: {integrity: sha512-DJR/VvkAvSZW9bTouZue2sSxDwdTN92uHjqeKVm+0dAqdfNykRzQ95tay8aXMBAAPpUiq4Qcug2L7neoRh2Egw==}
    dev: true

  /js-tokens/4.0.0:
    resolution: {integrity: sha512-RdJUflcE3cUzKiMqQgsCu06FPu9UdIJO0beYbPhHN4k6apgJtifcoCtT9bcxOpYBtpD2kCM6Sbzg4CausW/PKQ==}
    dev: false

  /loose-envify/1.4.0:
    resolution: {integrity: sha512-lyuxPGr/Wfhrlem2CL/UcnUc1zcqKAImBDzukY7Y5F/yQiNdko6+fRLevlw1HgMySw7f611UIY408EtxRSoK3Q==}
    hasBin: true
    dependencies:
      js-tokens: 4.0.0
    dev: false

  /nanoid/3.3.4:
    resolution: {integrity: sha512-MqBkQh/OHTS2egovRtLk45wEyNXwF+cokD+1YPf9u5VfJiRdAiRwB2froX5Co9Rh20xs4siNPm8naNotSD6RBw==}
    engines: {node: ^10 || ^12 || ^13.7 || ^14 || >=15.0.1}
    hasBin: true
    dev: false

  /next/13.1.7-canary.15_biqbaboplfbrettd7655fr4n2y:
    resolution: {integrity: sha512-NBywyj3xjM1nc5vtdqLNNMDrRrFRyDtjKHbLwjkT0BFQ5OKlHP0VFWFtd2RNq86gj7nfTdQ1zCvWPiYAzuGjcQ==}
    engines: {node: '>=14.6.0'}
    hasBin: true
    peerDependencies:
      fibers: '>= 3.1.0'
      node-sass: ^6.0.0 || ^7.0.0
      react: ^18.2.0
      react-dom: ^18.2.0
      sass: ^1.3.0
    peerDependenciesMeta:
      fibers:
        optional: true
      node-sass:
        optional: true
      sass:
        optional: true
    dependencies:
      '@next/env': 13.1.7-canary.15
      '@swc/helpers': 0.4.14
      caniuse-lite: 1.0.30001452
      postcss: 8.4.14
      react: 18.2.0
      react-dom: 18.2.0_react@18.2.0
      styled-jsx: 5.1.1_react@18.2.0
    optionalDependencies:
      '@next/swc-android-arm-eabi': 13.1.7-canary.15
      '@next/swc-android-arm64': 13.1.7-canary.15
      '@next/swc-darwin-arm64': 13.1.7-canary.15
      '@next/swc-darwin-x64': 13.1.7-canary.15
      '@next/swc-freebsd-x64': 13.1.7-canary.15
      '@next/swc-linux-arm-gnueabihf': 13.1.7-canary.15
      '@next/swc-linux-arm64-gnu': 13.1.7-canary.15
      '@next/swc-linux-arm64-musl': 13.1.7-canary.15
      '@next/swc-linux-x64-gnu': 13.1.7-canary.15
      '@next/swc-linux-x64-musl': 13.1.7-canary.15
      '@next/swc-win32-arm64-msvc': 13.1.7-canary.15
      '@next/swc-win32-ia32-msvc': 13.1.7-canary.15
      '@next/swc-win32-x64-msvc': 13.1.7-canary.15
    transitivePeerDependencies:
      - '@babel/core'
      - babel-plugin-macros
    dev: false

  /picocolors/1.0.0:
    resolution: {integrity: sha512-1fygroTLlHu66zi26VoTDv8yRgm0Fccecssto+MhsZ0D/DGW2sm8E8AjW7NU5VVTRt5GxbeZ5qBuJr+HyLYkjQ==}
    dev: false

  /postcss/8.4.14:
    resolution: {integrity: sha512-E398TUmfAYFPBSdzgeieK2Y1+1cpdxJx8yXbK/m57nRhKSmk1GB2tO4lbLBtlkfPQTDKfe4Xqv1ASWPpayPEig==}
    engines: {node: ^10 || ^12 || >=14}
    dependencies:
      nanoid: 3.3.4
      picocolors: 1.0.0
      source-map-js: 1.0.2
    dev: false

  /react-dom/18.2.0_react@18.2.0:
    resolution: {integrity: sha512-6IMTriUmvsjHUjNtEDudZfuDQUoWXVxKHhlEGSk81n4YFS+r/Kl99wXiwlVXtPBtJenozv2P+hxDsw9eA7Xo6g==}
    peerDependencies:
      react: ^18.2.0
    dependencies:
      loose-envify: 1.4.0
      react: 18.2.0
      scheduler: 0.23.0
    dev: false

  /react/18.2.0:
    resolution: {integrity: sha512-/3IjMdb2L9QbBdWiW5e3P2/npwMBaU9mHCSCUzNln0ZCYbcfTsGbTJrU/kGemdH2IWmB2ioZ+zkxtmq6g09fGQ==}
    engines: {node: '>=0.10.0'}
    dependencies:
      loose-envify: 1.4.0
    dev: false

  /scheduler/0.23.0:
    resolution: {integrity: sha512-CtuThmgHNg7zIZWAXi3AsyIzA3n4xx7aNyjwC2VJldO2LMVDhFK+63xGqq6CsJH4rTAt6/M+N4GhZiDYPx9eUw==}
    dependencies:
      loose-envify: 1.4.0
    dev: false

  /source-map-js/1.0.2:
    resolution: {integrity: sha512-R0XvVJ9WusLiqTCEiGCmICCMplcCkIwwR11mOSD9CR5u+IXYdiseeEuXCVAjS54zqwkLcPNnmU4OeJ6tUrWhDw==}
    engines: {node: '>=0.10.0'}
    dev: false

  /styled-jsx/5.1.1_react@18.2.0:
    resolution: {integrity: sha512-pW7uC1l4mBZ8ugbiZrcIsiIvVx1UmTfw7UkC3Um2tmfUq9Bhk8IiyEIPl6F8agHgjzku6j0xQEZbfA5uSgSaCw==}
    engines: {node: '>= 12.0.0'}
    peerDependencies:
      '@babel/core': '*'
      babel-plugin-macros: '*'
      react: '>= 16.8.0 || 17.x.x || ^18.0.0-0'
    peerDependenciesMeta:
      '@babel/core':
        optional: true
      babel-plugin-macros:
        optional: true
    dependencies:
      client-only: 0.0.1
      react: 18.2.0
    dev: false

  /tslib/2.5.0:
    resolution: {integrity: sha512-336iVw3rtn2BUK7ORdIAHTyxHGRIHVReokCR3XjbckJMK7ms8FysBfhLR8IXnAgy7T0PTPNBWKiH514FOW/WSg==}
    dev: false

  /typescript/4.9.5:
    resolution: {integrity: sha512-1FXk9E2Hm+QzZQ7z+McJiHL4NW1F2EzMu9Nq9i3zAaGqibafqYwCVU6WyWAuyQRRzOlxou8xZSyXLEN8oKj24g==}
    engines: {node: '>=4.2.0'}
    hasBin: true
    dev: true
